
Microsoft Visual Studio Solution File, Format Version 12.00
# Visual Studio 15
VisualStudioVersion = 15.0.28010.2026
MinimumVisualStudioVersion = 10.0.40219.1
Project("{FAE04EC0-301F-11D3-BF4B-00C04F79EFBC}") = "wide-width search", "wide-width search\wide-width search.csproj", "{B4C42A0F-314E-443C-82BD-957687DB9C22}"
EndProject
Global
	GlobalSection(SolutionConfigurationPlatforms) = preSolution
		Debug|Any CPU = Debug|Any CPU
		Release|Any CPU = Release|Any CPU
	EndGlobalSection
	GlobalSection(ProjectConfigurationPlatforms) = postSolution
		{B4C42A0F-314E-443C-82BD-957687DB9C22}.Debug|Any CPU.ActiveCfg = Debug|Any CPU
		{B4C42A0F-314E-443C-82BD-957687DB9C22}.Debug|Any CPU.Build.0 = Debug|Any CPU
		{B4C42A0F-314E-443C-82BD-957687DB9C22}.Release|Any CPU.ActiveCfg = Release|Any CPU
		{B4C42A0F-314E-443C-82BD-957687DB9C22}.Release|Any CPU.Build.0 = Release|Any CPU
	EndGlobalSection
	GlobalSection(SolutionProperties) = preSolution
		HideSolutionNode = FALSE
	EndGlobalSection
	GlobalSection(ExtensibilityGlobals) = postSolution
		SolutionGuid = {85340D93-1891-4B70-83CA-8FD0C6D84A3E}
	EndGlobalSection
EndGlobal
