
Microsoft Visual Studio Solution File, Format Version 12.00
# Visual Studio 15
VisualStudioVersion = 15.0.27703.2042
MinimumVisualStudioVersion = 10.0.40219.1
Project("{FAE04EC0-301F-11D3-BF4B-00C04F79EFBC}") = "sorting", "sorting\sorting.csproj", "{7C24D986-78CA-49C1-8C93-A2AA132F3455}"
EndProject
Global
	GlobalSection(SolutionConfigurationPlatforms) = preSolution
		Debug|Any CPU = Debug|Any CPU
		Release|Any CPU = Release|Any CPU
	EndGlobalSection
	GlobalSection(ProjectConfigurationPlatforms) = postSolution
		{7C24D986-78CA-49C1-8C93-A2AA132F3455}.Debug|Any CPU.ActiveCfg = Debug|Any CPU
		{7C24D986-78CA-49C1-8C93-A2AA132F3455}.Debug|Any CPU.Build.0 = Debug|Any CPU
		{7C24D986-78CA-49C1-8C93-A2AA132F3455}.Release|Any CPU.ActiveCfg = Release|Any CPU
		{7C24D986-78CA-49C1-8C93-A2AA132F3455}.Release|Any CPU.Build.0 = Release|Any CPU
	EndGlobalSection
	GlobalSection(SolutionProperties) = preSolution
		HideSolutionNode = FALSE
	EndGlobalSection
	GlobalSection(ExtensibilityGlobals) = postSolution
		SolutionGuid = {7DE3A002-EB1D-4F86-AA7D-FACEBCC6A1E2}
	EndGlobalSection
EndGlobal
