
Microsoft Visual Studio Solution File, Format Version 12.00
# Visual Studio 15
VisualStudioVersion = 15.0.27703.2042
MinimumVisualStudioVersion = 10.0.40219.1
Project("{FAE04EC0-301F-11D3-BF4B-00C04F79EFBC}") = "BinarySearch", "BinarySearch\BinarySearch.csproj", "{D843ED40-977E-4C3E-BA6A-6B1E72854C8A}"
EndProject
Global
	GlobalSection(SolutionConfigurationPlatforms) = preSolution
		Debug|Any CPU = Debug|Any CPU
		Release|Any CPU = Release|Any CPU
	EndGlobalSection
	GlobalSection(ProjectConfigurationPlatforms) = postSolution
		{D843ED40-977E-4C3E-BA6A-6B1E72854C8A}.Debug|Any CPU.ActiveCfg = Debug|Any CPU
		{D843ED40-977E-4C3E-BA6A-6B1E72854C8A}.Debug|Any CPU.Build.0 = Debug|Any CPU
		{D843ED40-977E-4C3E-BA6A-6B1E72854C8A}.Release|Any CPU.ActiveCfg = Release|Any CPU
		{D843ED40-977E-4C3E-BA6A-6B1E72854C8A}.Release|Any CPU.Build.0 = Release|Any CPU
	EndGlobalSection
	GlobalSection(SolutionProperties) = preSolution
		HideSolutionNode = FALSE
	EndGlobalSection
	GlobalSection(ExtensibilityGlobals) = postSolution
		SolutionGuid = {44499816-E9DB-456B-851D-7DF799AF3D09}
	EndGlobalSection
EndGlobal
